
Microsoft Visual Studio Solution File, Format Version 12.00
# Visual Studio Version 17
VisualStudioVersion = 17.1.32414.318
MinimumVisualStudioVersion = 10.0.40219.1
Project("{FAE04EC0-301F-11D3-BF4B-00C04F79EFBC}") = "MahmoudNZWalks.API", "MahmoudNZWalks.API\MahmoudNZWalks.API.csproj", "{87C176EA-0CDB-47BF-B5E7-0501B5ABE848}"
EndProject
Global
	GlobalSection(SolutionConfigurationPlatforms) = preSolution
		Debug|Any CPU = Debug|Any CPU
		Release|Any CPU = Release|Any CPU
	EndGlobalSection
	GlobalSection(ProjectConfigurationPlatforms) = postSolution
		{87C176EA-0CDB-47BF-B5E7-0501B5ABE848}.Debug|Any CPU.ActiveCfg = Debug|Any CPU
		{87C176EA-0CDB-47BF-B5E7-0501B5ABE848}.Debug|Any CPU.Build.0 = Debug|Any CPU
		{87C176EA-0CDB-47BF-B5E7-0501B5ABE848}.Release|Any CPU.ActiveCfg = Release|Any CPU
		{87C176EA-0CDB-47BF-B5E7-0501B5ABE848}.Release|Any CPU.Build.0 = Release|Any CPU
	EndGlobalSection
	GlobalSection(SolutionProperties) = preSolution
		HideSolutionNode = FALSE
	EndGlobalSection
	GlobalSection(ExtensibilityGlobals) = postSolution
		SolutionGuid = {07CE3D6F-CBB9-498B-86E5-FE8106FA5D59}
	EndGlobalSection
EndGlobal
